
Microsoft Visual Studio Solution File, Format Version 12.00
# Visual Studio Version 16
VisualStudioVersion = 16.0.30104.148
MinimumVisualStudioVersion = 10.0.40219.1
Project("{FAE04EC0-301F-11D3-BF4B-00C04F79EFBC}") = "Sweepstakes", "Sweepstakes\Sweepstakes.csproj", "{2E8FDBD9-6F4B-4C5A-9B75-F68ECB746AC2}"
EndProject
Global
	GlobalSection(SolutionConfigurationPlatforms) = preSolution
		Debug|Any CPU = Debug|Any CPU
		Release|Any CPU = Release|Any CPU
	EndGlobalSection
	GlobalSection(ProjectConfigurationPlatforms) = postSolution
		{2E8FDBD9-6F4B-4C5A-9B75-F68ECB746AC2}.Debug|Any CPU.ActiveCfg = Debug|Any CPU
		{2E8FDBD9-6F4B-4C5A-9B75-F68ECB746AC2}.Debug|Any CPU.Build.0 = Debug|Any CPU
		{2E8FDBD9-6F4B-4C5A-9B75-F68ECB746AC2}.Release|Any CPU.ActiveCfg = Release|Any CPU
		{2E8FDBD9-6F4B-4C5A-9B75-F68ECB746AC2}.Release|Any CPU.Build.0 = Release|Any CPU
	EndGlobalSection
	GlobalSection(SolutionProperties) = preSolution
		HideSolutionNode = FALSE
	EndGlobalSection
	GlobalSection(ExtensibilityGlobals) = postSolution
		SolutionGuid = {C8320EE2-865C-4840-AA4E-5090543AEE49}
	EndGlobalSection
EndGlobal
